
Microsoft Visual Studio Solution File, Format Version 12.00
# Visual Studio 14
VisualStudioVersion = 14.0.25420.1
MinimumVisualStudioVersion = 10.0.40219.1
Project("{2150E333-8FDC-42A3-9474-1A3956D46DE8}") = "应用程序", "应用程序", "{D2800BD4-A666-40C9-A7B3-2D11A6F803C0}"
EndProject
Project("{2150E333-8FDC-42A3-9474-1A3956D46DE8}") = "应用数据", "应用数据", "{84100F17-5DBA-4822-86D1-8183FE79E96D}"
EndProject
Project("{2150E333-8FDC-42A3-9474-1A3956D46DE8}") = "应用服务", "应用服务", "{35BF421C-F3E5-4193-AEB5-BC387CB0F47D}"
EndProject
Project("{FAE04EC0-301F-11D3-BF4B-00C04F79EFBC}") = "WebApp", "WebApp\WebApp.csproj", "{26259673-578A-4D55-8BAF-A490A5F5D6A6}"
EndProject
Project("{FAE04EC0-301F-11D3-BF4B-00C04F79EFBC}") = "Commons", "Commons\Commons.csproj", "{F25D3654-9E35-49DB-BC87-4C5586FF01D9}"
EndProject
Project("{FAE04EC0-301F-11D3-BF4B-00C04F79EFBC}") = "IDAL", "IDAL\IDAL.csproj", "{AB5BF256-5E89-4DDD-A188-B0D913FFFBB5}"
EndProject
Project("{FAE04EC0-301F-11D3-BF4B-00C04F79EFBC}") = "DAL", "DAL\DAL.csproj", "{5A0D371E-57EA-4035-AF7A-427AED76EAC4}"
EndProject
Project("{FAE04EC0-301F-11D3-BF4B-00C04F79EFBC}") = "IService", "IService\IService.csproj", "{0A0C2B6E-E653-45D1-B759-7F5942F8F69B}"
EndProject
Project("{FAE04EC0-301F-11D3-BF4B-00C04F79EFBC}") = "Service", "Service\Service.csproj", "{4685D684-8CCD-4E32-B7AF-8B0BFE99B480}"
EndProject
Project("{FAE04EC0-301F-11D3-BF4B-00C04F79EFBC}") = "Model", "Model\Model.csproj", "{AA781F10-FA6A-4A7B-AF56-EB64712B7D34}"
EndProject
Project("{FAE04EC0-301F-11D3-BF4B-00C04F79EFBC}") = "vCloud", "vCloud\vCloud.csproj", "{E66AA36F-78CE-4B4F-8951-242DC7B64320}"
EndProject
Global
	GlobalSection(SolutionConfigurationPlatforms) = preSolution
		Debug|Any CPU = Debug|Any CPU
		Release|Any CPU = Release|Any CPU
	EndGlobalSection
	GlobalSection(ProjectConfigurationPlatforms) = postSolution
		{26259673-578A-4D55-8BAF-A490A5F5D6A6}.Debug|Any CPU.ActiveCfg = Debug|Any CPU
		{26259673-578A-4D55-8BAF-A490A5F5D6A6}.Debug|Any CPU.Build.0 = Debug|Any CPU
		{26259673-578A-4D55-8BAF-A490A5F5D6A6}.Release|Any CPU.ActiveCfg = Release|Any CPU
		{26259673-578A-4D55-8BAF-A490A5F5D6A6}.Release|Any CPU.Build.0 = Release|Any CPU
		{F25D3654-9E35-49DB-BC87-4C5586FF01D9}.Debug|Any CPU.ActiveCfg = Debug|Any CPU
		{F25D3654-9E35-49DB-BC87-4C5586FF01D9}.Debug|Any CPU.Build.0 = Debug|Any CPU
		{F25D3654-9E35-49DB-BC87-4C5586FF01D9}.Release|Any CPU.ActiveCfg = Release|Any CPU
		{F25D3654-9E35-49DB-BC87-4C5586FF01D9}.Release|Any CPU.Build.0 = Release|Any CPU
		{AB5BF256-5E89-4DDD-A188-B0D913FFFBB5}.Debug|Any CPU.ActiveCfg = Debug|Any CPU
		{AB5BF256-5E89-4DDD-A188-B0D913FFFBB5}.Debug|Any CPU.Build.0 = Debug|Any CPU
		{AB5BF256-5E89-4DDD-A188-B0D913FFFBB5}.Release|Any CPU.ActiveCfg = Release|Any CPU
		{AB5BF256-5E89-4DDD-A188-B0D913FFFBB5}.Release|Any CPU.Build.0 = Release|Any CPU
		{5A0D371E-57EA-4035-AF7A-427AED76EAC4}.Debug|Any CPU.ActiveCfg = Debug|Any CPU
		{5A0D371E-57EA-4035-AF7A-427AED76EAC4}.Debug|Any CPU.Build.0 = Debug|Any CPU
		{5A0D371E-57EA-4035-AF7A-427AED76EAC4}.Release|Any CPU.ActiveCfg = Release|Any CPU
		{5A0D371E-57EA-4035-AF7A-427AED76EAC4}.Release|Any CPU.Build.0 = Release|Any CPU
		{0A0C2B6E-E653-45D1-B759-7F5942F8F69B}.Debug|Any CPU.ActiveCfg = Debug|Any CPU
		{0A0C2B6E-E653-45D1-B759-7F5942F8F69B}.Debug|Any CPU.Build.0 = Debug|Any CPU
		{0A0C2B6E-E653-45D1-B759-7F5942F8F69B}.Release|Any CPU.ActiveCfg = Release|Any CPU
		{0A0C2B6E-E653-45D1-B759-7F5942F8F69B}.Release|Any CPU.Build.0 = Release|Any CPU
		{4685D684-8CCD-4E32-B7AF-8B0BFE99B480}.Debug|Any CPU.ActiveCfg = Debug|Any CPU
		{4685D684-8CCD-4E32-B7AF-8B0BFE99B480}.Debug|Any CPU.Build.0 = Debug|Any CPU
		{4685D684-8CCD-4E32-B7AF-8B0BFE99B480}.Release|Any CPU.ActiveCfg = Release|Any CPU
		{4685D684-8CCD-4E32-B7AF-8B0BFE99B480}.Release|Any CPU.Build.0 = Release|Any CPU
		{AA781F10-FA6A-4A7B-AF56-EB64712B7D34}.Debug|Any CPU.ActiveCfg = Debug|Any CPU
		{AA781F10-FA6A-4A7B-AF56-EB64712B7D34}.Debug|Any CPU.Build.0 = Debug|Any CPU
		{AA781F10-FA6A-4A7B-AF56-EB64712B7D34}.Release|Any CPU.ActiveCfg = Release|Any CPU
		{AA781F10-FA6A-4A7B-AF56-EB64712B7D34}.Release|Any CPU.Build.0 = Release|Any CPU
		{E66AA36F-78CE-4B4F-8951-242DC7B64320}.Debug|Any CPU.ActiveCfg = Debug|Any CPU
		{E66AA36F-78CE-4B4F-8951-242DC7B64320}.Debug|Any CPU.Build.0 = Debug|Any CPU
		{E66AA36F-78CE-4B4F-8951-242DC7B64320}.Release|Any CPU.ActiveCfg = Release|Any CPU
		{E66AA36F-78CE-4B4F-8951-242DC7B64320}.Release|Any CPU.Build.0 = Release|Any CPU
	EndGlobalSection
	GlobalSection(SolutionProperties) = preSolution
		HideSolutionNode = FALSE
	EndGlobalSection
	GlobalSection(NestedProjects) = preSolution
		{26259673-578A-4D55-8BAF-A490A5F5D6A6} = {D2800BD4-A666-40C9-A7B3-2D11A6F803C0}
		{F25D3654-9E35-49DB-BC87-4C5586FF01D9} = {35BF421C-F3E5-4193-AEB5-BC387CB0F47D}
		{AB5BF256-5E89-4DDD-A188-B0D913FFFBB5} = {35BF421C-F3E5-4193-AEB5-BC387CB0F47D}
		{5A0D371E-57EA-4035-AF7A-427AED76EAC4} = {35BF421C-F3E5-4193-AEB5-BC387CB0F47D}
		{0A0C2B6E-E653-45D1-B759-7F5942F8F69B} = {35BF421C-F3E5-4193-AEB5-BC387CB0F47D}
		{4685D684-8CCD-4E32-B7AF-8B0BFE99B480} = {35BF421C-F3E5-4193-AEB5-BC387CB0F47D}
		{AA781F10-FA6A-4A7B-AF56-EB64712B7D34} = {84100F17-5DBA-4822-86D1-8183FE79E96D}
		{E66AA36F-78CE-4B4F-8951-242DC7B64320} = {35BF421C-F3E5-4193-AEB5-BC387CB0F47D}
	EndGlobalSection
EndGlobal
